
Microsoft Visual Studio Solution File, Format Version 12.00
# Visual Studio Version 17
VisualStudioVersion = 17.5.002.0
MinimumVisualStudioVersion = 10.0.40219.1
Project("{9A19103F-16F7-4668-BE54-9A1E7A4F7556}") = "MyConsoleTemplate", "MyConsoleTemplate.csproj", "{F3609D52-114F-4EFD-AE9F-8F3462A9EFBC}"
EndProject
Global
	GlobalSection(SolutionConfigurationPlatforms) = preSolution
		Debug|Any CPU = Debug|Any CPU
		Release|Any CPU = Release|Any CPU
	EndGlobalSection
	GlobalSection(ProjectConfigurationPlatforms) = postSolution
		{F3609D52-114F-4EFD-AE9F-8F3462A9EFBC}.Debug|Any CPU.ActiveCfg = Debug|Any CPU
		{F3609D52-114F-4EFD-AE9F-8F3462A9EFBC}.Debug|Any CPU.Build.0 = Debug|Any CPU
		{F3609D52-114F-4EFD-AE9F-8F3462A9EFBC}.Release|Any CPU.ActiveCfg = Release|Any CPU
		{F3609D52-114F-4EFD-AE9F-8F3462A9EFBC}.Release|Any CPU.Build.0 = Release|Any CPU
	EndGlobalSection
	GlobalSection(SolutionProperties) = preSolution
		HideSolutionNode = FALSE
	EndGlobalSection
	GlobalSection(ExtensibilityGlobals) = postSolution
		SolutionGuid = {698D1C3E-19EC-4B16-8479-CBE3088DA196}
	EndGlobalSection
EndGlobal
